
Microsoft Visual Studio Solution File, Format Version 12.00
# Visual Studio Version 17
VisualStudioVersion = 17.4.33213.308
MinimumVisualStudioVersion = 10.0.40219.1
Project("{FAE04EC0-301F-11D3-BF4B-00C04F79EFBC}") = "ProductionManagementClient", "ProductionManagementClient\ProductionManagementClient.csproj", "{4D906319-BF26-453E-A025-DE6E03C3A261}"
EndProject
Global
	GlobalSection(SolutionConfigurationPlatforms) = preSolution
		Debug|Any CPU = Debug|Any CPU
		Release|Any CPU = Release|Any CPU
	EndGlobalSection
	GlobalSection(ProjectConfigurationPlatforms) = postSolution
		{4D906319-BF26-453E-A025-DE6E03C3A261}.Debug|Any CPU.ActiveCfg = Debug|Any CPU
		{4D906319-BF26-453E-A025-DE6E03C3A261}.Debug|Any CPU.Build.0 = Debug|Any CPU
		{4D906319-BF26-453E-A025-DE6E03C3A261}.Release|Any CPU.ActiveCfg = Release|Any CPU
		{4D906319-BF26-453E-A025-DE6E03C3A261}.Release|Any CPU.Build.0 = Release|Any CPU
	EndGlobalSection
	GlobalSection(SolutionProperties) = preSolution
		HideSolutionNode = FALSE
	EndGlobalSection
	GlobalSection(ExtensibilityGlobals) = postSolution
		SolutionGuid = {BFDC73F5-95CF-426A-A8B3-D390B81AB03C}
	EndGlobalSection
EndGlobal
